PODS:
  - Flutter (1.0.0)
  - permission_handler_apple (9.0.4):
    - Flutter
  - photo_gallery (0.0.1):
    - Flutter
  - take_picture_native (0.0.1):
    - Flutter

DEPENDENCIES:
  - Flutter (from `Flutter`)
  - permission_handler_apple (from `.symlinks/plugins/permission_handler_apple/ios`)
  - photo_gallery (from `.symlinks/plugins/photo_gallery/ios`)
  - take_picture_native (from `.symlinks/plugins/take_picture_native/ios`)

EXTERNAL SOURCES:
  Flutter:
    :path: Flutter
  permission_handler_apple:
    :path: ".symlinks/plugins/permission_handler_apple/ios"
  photo_gallery:
    :path: ".symlinks/plugins/photo_gallery/ios"
  take_picture_native:
    :path: ".symlinks/plugins/take_picture_native/ios"

SPEC CHECKSUMS:
  Flutter: 50d75fe2f02b26cc09d224853bb45737f8b3214a
  permission_handler_apple: 44366e37eaf29454a1e7b1b7d736c2cceaeb17ce
  photo_gallery: 9f95e57747cd22c10676ece3660d1ffe6c603ee5
  take_picture_native: 0cf69a34131491bafc8126986459fedd6b2fbb10

PODFILE CHECKSUM: aafe91acc616949ddb318b77800a7f51bffa2a4c

COCOAPODS: 1.10.1
